hash: d37314b3464dff2511ccb736aa368ab0080b4575b09caa52e6fcf86c04ad2d1b
updated: 2018-07-30T14:26:30.204642+08:00
imports:
- name: github.com/gorilla/context
  version: 08b5f424b9271eedf6f9f0ce86cb9396ed337a42
- name: github.com/gorilla/mux
  version: cb4698366aa625048f3b815af6a0dea8aef9280a
- name: github.com/sdbaiguanghe/glog
  version: ca74c069d4e18e6d0ee90665a15d9234c5dcf83c
testImports: []
